
Microsoft Visual Studio Solution File, Format Version 12.00
# Visual Studio Version 16
VisualStudioVersion = 16.0.31205.134
MinimumVisualStudioVersion = 10.0.40219.1
Project("{9A19103F-16F7-4668-BE54-9A1E7A4F7556}") = "bis-305-assign4-case-4-1-test", "bis-305-assign4-case-4-1-test.csproj", "{0EC1CDCA-D71F-4B23-8374-2D2F39A46B9D}"
EndProject
Global
	GlobalSection(SolutionConfigurationPlatforms) = preSolution
		Debug|Any CPU = Debug|Any CPU
		Release|Any CPU = Release|Any CPU
	EndGlobalSection
	GlobalSection(ProjectConfigurationPlatforms) = postSolution
		{0EC1CDCA-D71F-4B23-8374-2D2F39A46B9D}.Debug|Any CPU.ActiveCfg = Debug|Any CPU
		{0EC1CDCA-D71F-4B23-8374-2D2F39A46B9D}.Debug|Any CPU.Build.0 = Debug|Any CPU
		{0EC1CDCA-D71F-4B23-8374-2D2F39A46B9D}.Release|Any CPU.ActiveCfg = Release|Any CPU
		{0EC1CDCA-D71F-4B23-8374-2D2F39A46B9D}.Release|Any CPU.Build.0 = Release|Any CPU
	EndGlobalSection
	GlobalSection(SolutionProperties) = preSolution
		HideSolutionNode = FALSE
	EndGlobalSection
	GlobalSection(ExtensibilityGlobals) = postSolution
		SolutionGuid = {BB47F29A-3319-48FB-8791-3688C0B0C62D}
	EndGlobalSection
EndGlobal
